// !$*UTF8*$!
{
	archiveVersion = 1;
	classes = {
	};
	objectVersion = 56;
	objects = {

/* Begin PBXBuildFile section */
		21153D312B91ECFF0085ED80 /* FavouritesCell.swift in Sources */ = {isa = PBXBuildFile; fileRef = 21153D302B91ECFF0085ED80 /* FavouritesCell.swift */; };
		21153D332B91F8ED0085ED80 /* CustomView.swift in Sources */ = {isa = PBXBuildFile; fileRef = 21153D322B91F8ED0085ED80 /* CustomView.swift */; };
		21B91CDA2B90BEB10041D5E9 /* SortingControlView.swift in Sources */ = {isa = PBXBuildFile; fileRef = 21B91CD92B90BEB10041D5E9 /* SortingControlView.swift */; };
		21B91CDC2B90D0370041D5E9 /* Condition.swift in Sources */ = {isa = PBXBuildFile; fileRef = 21B91CDB2B90D0370041D5E9 /* Condition.swift */; };
		21FE4D932B8FE9B500FA377F /* CategoryRecipes.swift in Sources */ = {isa = PBXBuildFile; fileRef = 21FE4D922B8FE9B500FA377F /* CategoryRecipes.swift */; };
		21FE4D952B8FE9F000FA377F /* CategoryView.swift in Sources */ = {isa = PBXBuildFile; fileRef = 21FE4D942B8FE9F000FA377F /* CategoryView.swift */; };
		21FE4D972B8FEBEA00FA377F /* CategoryPresenter.swift in Sources */ = {isa = PBXBuildFile; fileRef = 21FE4D962B8FEBEA00FA377F /* CategoryPresenter.swift */; };
		21FE4D9B2B8FFD8A00FA377F /* RecipeCell.swift in Sources */ = {isa = PBXBuildFile; fileRef = 21FE4D9A2B8FFD8A00FA377F /* RecipeCell.swift */; };
		9D499B182B8E6878007B36D0 /* ProfileCell.swift in Sources */ = {isa = PBXBuildFile; fileRef = 9D499B172B8E6878007B36D0 /* ProfileCell.swift */; };
		9D499B1A2B8E6988007B36D0 /* SettingsFieldCell.swift in Sources */ = {isa = PBXBuildFile; fileRef = 9D499B192B8E6988007B36D0 /* SettingsFieldCell.swift */; };
		9D499B1C2B8E6B4C007B36D0 /* UIImage+Extension.swift in Sources */ = {isa = PBXBuildFile; fileRef = 9D499B1B2B8E6B4C007B36D0 /* UIImage+Extension.swift */; };
		9D499B1E2B8E6B60007B36D0 /* AssetImageName.swift in Sources */ = {isa = PBXBuildFile; fileRef = 9D499B1D2B8E6B60007B36D0 /* AssetImageName.swift */; };
		9D499B202B8E73AC007B36D0 /* Settings.swift in Sources */ = {isa = PBXBuildFile; fileRef = 9D499B1F2B8E73AC007B36D0 /* Settings.swift */; };
		9D499B222B8E7422007B36D0 /* Profile.swift in Sources */ = {isa = PBXBuildFile; fileRef = 9D499B212B8E7422007B36D0 /* Profile.swift */; };
		9D499B272B8E9795007B36D0 /* ProfileSubSection.swift in Sources */ = {isa = PBXBuildFile; fileRef = 9D499B262B8E9795007B36D0 /* ProfileSubSection.swift */; };
		9D499B2A2B8E9F91007B36D0 /* LoyaltyProgramView.swift in Sources */ = {isa = PBXBuildFile; fileRef = 9D499B292B8E9F91007B36D0 /* LoyaltyProgramView.swift */; };
		9D499B2E2B8EA08E007B36D0 /* LoyaltyProgramPresenter.swift in Sources */ = {isa = PBXBuildFile; fileRef = 9D499B2D2B8EA08E007B36D0 /* LoyaltyProgramPresenter.swift */; };
		9D499B312B8EA0B5007B36D0 /* LoyaltyProgram.swift in Sources */ = {isa = PBXBuildFile; fileRef = 9D499B302B8EA0B5007B36D0 /* LoyaltyProgram.swift */; };
		9D499B342B8F6446007B36D0 /* ProfileSection.swift in Sources */ = {isa = PBXBuildFile; fileRef = 9D499B332B8F6446007B36D0 /* ProfileSection.swift */; };
		9D499B362B8F7937007B36D0 /* LoginButton.swift in Sources */ = {isa = PBXBuildFile; fileRef = 9D499B352B8F7937007B36D0 /* LoginButton.swift */; };
		9D499B382B8F9D49007B36D0 /* TypeAlieses.swift in Sources */ = {isa = PBXBuildFile; fileRef = 9D499B372B8F9D49007B36D0 /* TypeAlieses.swift */; };
		9D499B3A2B9085EE007B36D0 /* Category.swift in Sources */ = {isa = PBXBuildFile; fileRef = 9D499B392B9085EE007B36D0 /* Category.swift */; };
		9D499B3C2B908BFB007B36D0 /* RacepyCategoryCell.swift in Sources */ = {isa = PBXBuildFile; fileRef = 9D499B3B2B908BFB007B36D0 /* RacepyCategoryCell.swift */; };
		9D6115462B8D312E008EF247 /* AuthCoordinator.swift in Sources */ = {isa = PBXBuildFile; fileRef = 9D61153F2B8D312E008EF247 /* AuthCoordinator.swift */; };
		9D6115472B8D312E008EF247 /* Validator.swift in Sources */ = {isa = PBXBuildFile; fileRef = 9D6115452B8D312E008EF247 /* Validator.swift */; };
		9D6115482B8D312E008EF247 /* AuthPresenter.swift in Sources */ = {isa = PBXBuildFile; fileRef = 9D6115432B8D312E008EF247 /* AuthPresenter.swift */; };
		9D6115492B8D312E008EF247 /* AuthView.swift in Sources */ = {isa = PBXBuildFile; fileRef = 9D6115412B8D312E008EF247 /* AuthView.swift */; };
		9D6115652B8D54CC008EF247 /* RecipesCategoriesView.swift in Sources */ = {isa = PBXBuildFile; fileRef = 9D6115642B8D54CC008EF247 /* RecipesCategoriesView.swift */; };
		9D6115662B8D54CC008EF247 /* RecipesCoordinator.swift in Sources */ = {isa = PBXBuildFile; fileRef = 9D61155E2B8D54CC008EF247 /* RecipesCoordinator.swift */; };
		9D6115672B8D54CC008EF247 /* RecipesCategoriesPresenter.swift in Sources */ = {isa = PBXBuildFile; fileRef = 9D6115622B8D54CC008EF247 /* RecipesCategoriesPresenter.swift */; };
		9D6115682B8D54CC008EF247 /* RecipesCategories.swift in Sources */ = {isa = PBXBuildFile; fileRef = 9D6115602B8D54CC008EF247 /* RecipesCategories.swift */; };
		9D61156A2B8D6778008EF247 /* UIView+Extension.swift in Sources */ = {isa = PBXBuildFile; fileRef = 9D6115692B8D6778008EF247 /* UIView+Extension.swift */; };
		9D61156D2B8D67AE008EF247 /* NSLayoutConstraint+Extension.swift in Sources */ = {isa = PBXBuildFile; fileRef = 9D61156C2B8D67AE008EF247 /* NSLayoutConstraint+Extension.swift */; };
		9D61156F2B8D67CD008EF247 /* Array+Extension.swift in Sources */ = {isa = PBXBuildFile; fileRef = 9D61156E2B8D67CD008EF247 /* Array+Extension.swift */; };
		9D6115712B8D6816008EF247 /* String+Extension.swift in Sources */ = {isa = PBXBuildFile; fileRef = 9D6115702B8D6816008EF247 /* String+Extension.swift */; };
		9D6115732B8D684E008EF247 /* NSMutableAttributedString+Extension.swift in Sources */ = {isa = PBXBuildFile; fileRef = 9D6115722B8D684E008EF247 /* NSMutableAttributedString+Extension.swift */; };
		9D6115752B8D6877008EF247 /* UIFont+Extension.swift in Sources */ = {isa = PBXBuildFile; fileRef = 9D6115742B8D6877008EF247 /* UIFont+Extension.swift */; };
		9D6115772B8D68F5008EF247 /* UIAlertController+Extension.swift in Sources */ = {isa = PBXBuildFile; fileRef = 9D6115762B8D68F5008EF247 /* UIAlertController+Extension.swift */; };
		9D6115792B8D6917008EF247 /* UIAlertAction+Extension.swift in Sources */ = {isa = PBXBuildFile; fileRef = 9D6115782B8D6917008EF247 /* UIAlertAction+Extension.swift */; };
		9D952B4E2B8D1CBC00F6D8CC /* AppDelegate.swift in Sources */ = {isa = PBXBuildFile; fileRef = 9D952B4D2B8D1CBC00F6D8CC /* AppDelegate.swift */; };
		9D952B502B8D1CBC00F6D8CC /* SceneDelegate.swift in Sources */ = {isa = PBXBuildFile; fileRef = 9D952B4F2B8D1CBC00F6D8CC /* SceneDelegate.swift */; };
		9D952B572B8D1CBD00F6D8CC /* Assets.xcassets in Resources */ = {isa = PBXBuildFile; fileRef = 9D952B562B8D1CBD00F6D8CC /* Assets.xcassets */; };
		9D952B5A2B8D1CBD00F6D8CC /* LaunchScreen.storyboard in Resources */ = {isa = PBXBuildFile; fileRef = 9D952B582B8D1CBD00F6D8CC /* LaunchScreen.storyboard */; };
		9D952B682B8D223500F6D8CC /* RecipelyTabBarCoordinator.swift in Sources */ = {isa = PBXBuildFile; fileRef = 9D952B672B8D223500F6D8CC /* RecipelyTabBarCoordinator.swift */; };
		9D952B6A2B8D226E00F6D8CC /* RecipelyTabBarController.swift in Sources */ = {isa = PBXBuildFile; fileRef = 9D952B692B8D226E00F6D8CC /* RecipelyTabBarController.swift */; };
		9D952B6C2B8D22A100F6D8CC /* Coordinator.swift in Sources */ = {isa = PBXBuildFile; fileRef = 9D952B6B2B8D22A100F6D8CC /* Coordinator.swift */; };
		9D952B6E2B8D22DC00F6D8CC /* BaseCoordinator.swift in Sources */ = {isa = PBXBuildFile; fileRef = 9D952B6D2B8D22DC00F6D8CC /* BaseCoordinator.swift */; };
		9D952B712B8D231800F6D8CC /* AppCoordinator.swift in Sources */ = {isa = PBXBuildFile; fileRef = 9D952B702B8D231800F6D8CC /* AppCoordinator.swift */; };
		9D952B732B8D235D00F6D8CC /* ModuleBuilder.swift in Sources */ = {isa = PBXBuildFile; fileRef = 9D952B722B8D235D00F6D8CC /* ModuleBuilder.swift */; };
		9D952B752B8D25E800F6D8CC /* ProfileView.swift in Sources */ = {isa = PBXBuildFile; fileRef = 9D952B742B8D25E800F6D8CC /* ProfileView.swift */; };
		9D952B772B8D261900F6D8CC /* ProfilePresenter.swift in Sources */ = {isa = PBXBuildFile; fileRef = 9D952B762B8D261900F6D8CC /* ProfilePresenter.swift */; };
		9D952B7C2B8D264B00F6D8CC /* User.swift in Sources */ = {isa = PBXBuildFile; fileRef = 9D952B7B2B8D264B00F6D8CC /* User.swift */; };
		9D952B7F2B8D283000F6D8CC /* ProfileCoordinator.swift in Sources */ = {isa = PBXBuildFile; fileRef = 9D952B7E2B8D283000F6D8CC /* ProfileCoordinator.swift */; };
		9D952B882B8D2CE300F6D8CC /* FavouritesPresenter.swift in Sources */ = {isa = PBXBuildFile; fileRef = 9D952B832B8D2CE300F6D8CC /* FavouritesPresenter.swift */; };
		9D952B892B8D2CE300F6D8CC /* FavouritesCoordinator.swift in Sources */ = {isa = PBXBuildFile; fileRef = 9D952B812B8D2CE300F6D8CC /* FavouritesCoordinator.swift */; };
		9D952B8A2B8D2CE300F6D8CC /* Favourites.swift in Sources */ = {isa = PBXBuildFile; fileRef = 9D952B872B8D2CE300F6D8CC /* Favourites.swift */; };
		9D952B8B2B8D2CE300F6D8CC /* FavouritesView.swift in Sources */ = {isa = PBXBuildFile; fileRef = 9D952B852B8D2CE300F6D8CC /* FavouritesView.swift */; };
/* End PBXBuildFile section */

/* Begin PBXFileReference section */
		21153D302B91ECFF0085ED80 /* FavouritesCell.swift */ = {isa = PBXFileReference; lastKnownFileType = sourcecode.swift; path = FavouritesCell.swift; sourceTree = "<group>"; };
		21153D322B91F8ED0085ED80 /* CustomView.swift */ = {isa = PBXFileReference; lastKnownFileType = sourcecode.swift; path = CustomView.swift; sourceTree = "<group>"; };
		21B91CD92B90BEB10041D5E9 /* SortingControlView.swift */ = {isa = PBXFileReference; lastKnownFileType = sourcecode.swift; path = SortingControlView.swift; sourceTree = "<group>"; };
		21B91CDB2B90D0370041D5E9 /* Condition.swift */ = {isa = PBXFileReference; lastKnownFileType = sourcecode.swift; path = Condition.swift; sourceTree = "<group>"; };
		21FE4D922B8FE9B500FA377F /* CategoryRecipes.swift */ = {isa = PBXFileReference; lastKnownFileType = sourcecode.swift; path = CategoryRecipes.swift; sourceTree = "<group>"; };
		21FE4D942B8FE9F000FA377F /* CategoryView.swift */ = {isa = PBXFileReference; lastKnownFileType = sourcecode.swift; path = CategoryView.swift; sourceTree = "<group>"; };
		21FE4D962B8FEBEA00FA377F /* CategoryPresenter.swift */ = {isa = PBXFileReference; lastKnownFileType = sourcecode.swift; path = CategoryPresenter.swift; sourceTree = "<group>"; };
		21FE4D9A2B8FFD8A00FA377F /* RecipeCell.swift */ = {isa = PBXFileReference; lastKnownFileType = sourcecode.swift; path = RecipeCell.swift; sourceTree = "<group>"; };
		9D499B172B8E6878007B36D0 /* ProfileCell.swift */ = {isa = PBXFileReference; lastKnownFileType = sourcecode.swift; path = ProfileCell.swift; sourceTree = "<group>"; };
		9D499B192B8E6988007B36D0 /* SettingsFieldCell.swift */ = {isa = PBXFileReference; lastKnownFileType = sourcecode.swift; path = SettingsFieldCell.swift; sourceTree = "<group>"; };
		9D499B1B2B8E6B4C007B36D0 /* UIImage+Extension.swift */ = {isa = PBXFileReference; lastKnownFileType = sourcecode.swift; path = "UIImage+Extension.swift"; sourceTree = "<group>"; };
		9D499B1D2B8E6B60007B36D0 /* AssetImageName.swift */ = {isa = PBXFileReference; lastKnownFileType = sourcecode.swift; path = AssetImageName.swift; sourceTree = "<group>"; };
		9D499B1F2B8E73AC007B36D0 /* Settings.swift */ = {isa = PBXFileReference; lastKnownFileType = sourcecode.swift; path = Settings.swift; sourceTree = "<group>"; };
		9D499B212B8E7422007B36D0 /* Profile.swift */ = {isa = PBXFileReference; lastKnownFileType = sourcecode.swift; path = Profile.swift; sourceTree = "<group>"; };
		9D499B262B8E9795007B36D0 /* ProfileSubSection.swift */ = {isa = PBXFileReference; lastKnownFileType = sourcecode.swift; path = ProfileSubSection.swift; sourceTree = "<group>"; };
		9D499B292B8E9F91007B36D0 /* LoyaltyProgramView.swift */ = {isa = PBXFileReference; lastKnownFileType = sourcecode.swift; path = LoyaltyProgramView.swift; sourceTree = "<group>"; };
		9D499B2D2B8EA08E007B36D0 /* LoyaltyProgramPresenter.swift */ = {isa = PBXFileReference; lastKnownFileType = sourcecode.swift; path = LoyaltyProgramPresenter.swift; sourceTree = "<group>"; };
		9D499B302B8EA0B5007B36D0 /* LoyaltyProgram.swift */ = {isa = PBXFileReference; lastKnownFileType = sourcecode.swift; path = LoyaltyProgram.swift; sourceTree = "<group>"; };
		9D499B332B8F6446007B36D0 /* ProfileSection.swift */ = {isa = PBXFileReference; lastKnownFileType = sourcecode.swift; path = ProfileSection.swift; sourceTree = "<group>"; };
		9D499B352B8F7937007B36D0 /* LoginButton.swift */ = {isa = PBXFileReference; lastKnownFileType = sourcecode.swift; path = LoginButton.swift; sourceTree = "<group>"; };
		9D499B372B8F9D49007B36D0 /* TypeAlieses.swift */ = {isa = PBXFileReference; lastKnownFileType = sourcecode.swift; path = TypeAlieses.swift; sourceTree = "<group>"; };
		9D499B392B9085EE007B36D0 /* Category.swift */ = {isa = PBXFileReference; lastKnownFileType = sourcecode.swift; path = Category.swift; sourceTree = "<group>"; };
		9D499B3B2B908BFB007B36D0 /* RacepyCategoryCell.swift */ = {isa = PBXFileReference; lastKnownFileType = sourcecode.swift; path = RacepyCategoryCell.swift; sourceTree = "<group>"; };
		9D61153F2B8D312E008EF247 /* AuthCoordinator.swift */ = {isa = PBXFileReference; lastKnownFileType = sourcecode.swift; path = AuthCoordinator.swift; sourceTree = "<group>"; };
		9D6115412B8D312E008EF247 /* AuthView.swift */ = {isa = PBXFileReference; lastKnownFileType = sourcecode.swift; path = AuthView.swift; sourceTree = "<group>"; };
		9D6115432B8D312E008EF247 /* AuthPresenter.swift */ = {isa = PBXFileReference; lastKnownFileType = sourcecode.swift; path = AuthPresenter.swift; sourceTree = "<group>"; };
		9D6115452B8D312E008EF247 /* Validator.swift */ = {isa = PBXFileReference; lastKnownFileType = sourcecode.swift; path = Validator.swift; sourceTree = "<group>"; };
		9D61155E2B8D54CC008EF247 /* RecipesCoordinator.swift */ = {isa = PBXFileReference; lastKnownFileType = sourcecode.swift; path = RecipesCoordinator.swift; sourceTree = "<group>"; };
		9D6115602B8D54CC008EF247 /* RecipesCategories.swift */ = {isa = PBXFileReference; lastKnownFileType = sourcecode.swift; path = RecipesCategories.swift; sourceTree = "<group>"; };
		9D6115622B8D54CC008EF247 /* RecipesCategoriesPresenter.swift */ = {isa = PBXFileReference; lastKnownFileType = sourcecode.swift; path = RecipesCategoriesPresenter.swift; sourceTree = "<group>"; };
		9D6115642B8D54CC008EF247 /* RecipesCategoriesView.swift */ = {isa = PBXFileReference; lastKnownFileType = sourcecode.swift; path = RecipesCategoriesView.swift; sourceTree = "<group>"; };
		9D6115692B8D6778008EF247 /* UIView+Extension.swift */ = {isa = PBXFileReference; lastKnownFileType = sourcecode.swift; path = "UIView+Extension.swift"; sourceTree = "<group>"; };
		9D61156C2B8D67AE008EF247 /* NSLayoutConstraint+Extension.swift */ = {isa = PBXFileReference; lastKnownFileType = sourcecode.swift; path = "NSLayoutConstraint+Extension.swift"; sourceTree = "<group>"; };
		9D61156E2B8D67CD008EF247 /* Array+Extension.swift */ = {isa = PBXFileReference; lastKnownFileType = sourcecode.swift; path = "Array+Extension.swift"; sourceTree = "<group>"; };
		9D6115702B8D6816008EF247 /* String+Extension.swift */ = {isa = PBXFileReference; lastKnownFileType = sourcecode.swift; path = "String+Extension.swift"; sourceTree = "<group>"; };
		9D6115722B8D684E008EF247 /* NSMutableAttributedString+Extension.swift */ = {isa = PBXFileReference; lastKnownFileType = sourcecode.swift; path = "NSMutableAttributedString+Extension.swift"; sourceTree = "<group>"; };
		9D6115742B8D6877008EF247 /* UIFont+Extension.swift */ = {isa = PBXFileReference; lastKnownFileType = sourcecode.swift; path = "UIFont+Extension.swift"; sourceTree = "<group>"; };
		9D6115762B8D68F5008EF247 /* UIAlertController+Extension.swift */ = {isa = PBXFileReference; lastKnownFileType = sourcecode.swift; path = "UIAlertController+Extension.swift"; sourceTree = "<group>"; };
		9D6115782B8D6917008EF247 /* UIAlertAction+Extension.swift */ = {isa = PBXFileReference; lastKnownFileType = sourcecode.swift; path = "UIAlertAction+Extension.swift"; sourceTree = "<group>"; };
		9D952B4A2B8D1CBC00F6D8CC /* Recipely.app */ = {isa = PBXFileReference; explicitFileType = wrapper.application; includeInIndex = 0; path = Recipely.app; sourceTree = BUILT_PRODUCTS_DIR; };
		9D952B4D2B8D1CBC00F6D8CC /* AppDelegate.swift */ = {isa = PBXFileReference; lastKnownFileType = sourcecode.swift; path = AppDelegate.swift; sourceTree = "<group>"; };
		9D952B4F2B8D1CBC00F6D8CC /* SceneDelegate.swift */ = {isa = PBXFileReference; lastKnownFileType = sourcecode.swift; path = SceneDelegate.swift; sourceTree = "<group>"; };
		9D952B562B8D1CBD00F6D8CC /* Assets.xcassets */ = {isa = PBXFileReference; lastKnownFileType = folder.assetcatalog; path = Assets.xcassets; sourceTree = "<group>"; };
		9D952B592B8D1CBD00F6D8CC /* Base */ = {isa = PBXFileReference; lastKnownFileType = file.storyboard; name = Base; path = Base.lproj/LaunchScreen.storyboard; sourceTree = "<group>"; };
		9D952B5B2B8D1CBD00F6D8CC /* Info.plist */ = {isa = PBXFileReference; lastKnownFileType = text.plist.xml; path = Info.plist; sourceTree = "<group>"; };
		9D952B672B8D223500F6D8CC /* RecipelyTabBarCoordinator.swift */ = {isa = PBXFileReference; lastKnownFileType = sourcecode.swift; path = RecipelyTabBarCoordinator.swift; sourceTree = "<group>"; };
		9D952B692B8D226E00F6D8CC /* RecipelyTabBarController.swift */ = {isa = PBXFileReference; lastKnownFileType = sourcecode.swift; path = RecipelyTabBarController.swift; sourceTree = "<group>"; };
		9D952B6B2B8D22A100F6D8CC /* Coordinator.swift */ = {isa = PBXFileReference; lastKnownFileType = sourcecode.swift; path = Coordinator.swift; sourceTree = "<group>"; };
		9D952B6D2B8D22DC00F6D8CC /* BaseCoordinator.swift */ = {isa = PBXFileReference; lastKnownFileType = sourcecode.swift; path = BaseCoordinator.swift; sourceTree = "<group>"; };
		9D952B702B8D231800F6D8CC /* AppCoordinator.swift */ = {isa = PBXFileReference; lastKnownFileType = sourcecode.swift; path = AppCoordinator.swift; sourceTree = "<group>"; };
		9D952B722B8D235D00F6D8CC /* ModuleBuilder.swift */ = {isa = PBXFileReference; lastKnownFileType = sourcecode.swift; path = ModuleBuilder.swift; sourceTree = "<group>"; };
		9D952B742B8D25E800F6D8CC /* ProfileView.swift */ = {isa = PBXFileReference; lastKnownFileType = sourcecode.swift; path = ProfileView.swift; sourceTree = "<group>"; };
		9D952B762B8D261900F6D8CC /* ProfilePresenter.swift */ = {isa = PBXFileReference; lastKnownFileType = sourcecode.swift; path = ProfilePresenter.swift; sourceTree = "<group>"; };
		9D952B7B2B8D264B00F6D8CC /* User.swift */ = {isa = PBXFileReference; lastKnownFileType = sourcecode.swift; path = User.swift; sourceTree = "<group>"; };
		9D952B7E2B8D283000F6D8CC /* ProfileCoordinator.swift */ = {isa = PBXFileReference; lastKnownFileType = sourcecode.swift; path = ProfileCoordinator.swift; sourceTree = "<group>"; };
		9D952B812B8D2CE300F6D8CC /* FavouritesCoordinator.swift */ = {isa = PBXFileReference; lastKnownFileType = sourcecode.swift; path = FavouritesCoordinator.swift; sourceTree = "<group>"; };
		9D952B832B8D2CE300F6D8CC /* FavouritesPresenter.swift */ = {isa = PBXFileReference; lastKnownFileType = sourcecode.swift; path = FavouritesPresenter.swift; sourceTree = "<group>"; };
		9D952B852B8D2CE300F6D8CC /* FavouritesView.swift */ = {isa = PBXFileReference; lastKnownFileType = sourcecode.swift; path = FavouritesView.swift; sourceTree = "<group>"; };
		9D952B872B8D2CE300F6D8CC /* Favourites.swift */ = {isa = PBXFileReference; lastKnownFileType = sourcecode.swift; path = Favourites.swift; sourceTree = "<group>"; };
/* End PBXFileReference section */

/* Begin PBXFrameworksBuildPhase section */
		9D952B472B8D1CBC00F6D8CC /* Frameworks */ = {
			isa = PBXFrameworksBuildPhase;
			buildActionMask = 2147483647;
			files = (
			);
			runOnlyForDeploymentPostprocessing = 0;
		};
/* End PBXFrameworksBuildPhase section */

/* Begin PBXGroup section */
		21FE4D8E2B8FE8E800FA377F /* CategoryScreen */ = {
			isa = PBXGroup;
			children = (
				21FE4D8F2B8FE97100FA377F /* Model */,
				21FE4D902B8FE98000FA377F /* View */,
				21FE4D912B8FE98D00FA377F /* Presenter */,
			);
			path = CategoryScreen;
			sourceTree = "<group>";
		};
		21FE4D8F2B8FE97100FA377F /* Model */ = {
			isa = PBXGroup;
			children = (
				21FE4D922B8FE9B500FA377F /* CategoryRecipes.swift */,
			);
			path = Model;
			sourceTree = "<group>";
		};
		21FE4D902B8FE98000FA377F /* View */ = {
			isa = PBXGroup;
			children = (
				21FE4D942B8FE9F000FA377F /* CategoryView.swift */,
				21B91CD92B90BEB10041D5E9 /* SortingControlView.swift */,
				21FE4D9A2B8FFD8A00FA377F /* RecipeCell.swift */,
			);
			path = View;
			sourceTree = "<group>";
		};
		21FE4D912B8FE98D00FA377F /* Presenter */ = {
			isa = PBXGroup;
			children = (
				21FE4D962B8FEBEA00FA377F /* CategoryPresenter.swift */,
				21B91CDB2B90D0370041D5E9 /* Condition.swift */,
			);
			path = Presenter;
			sourceTree = "<group>";
		};
		9D499B232B8E85EE007B36D0 /* TableViewCells */ = {
			isa = PBXGroup;
			children = (
				9D499B172B8E6878007B36D0 /* ProfileCell.swift */,
				9D499B192B8E6988007B36D0 /* SettingsFieldCell.swift */,
			);
			path = TableViewCells;
			sourceTree = "<group>";
		};
		9D499B282B8E9F30007B36D0 /* ProfileScreen */ = {
			isa = PBXGroup;
			children = (
				9D952B7D2B8D264F00F6D8CC /* Model */,
				9D952B792B8D263500F6D8CC /* View */,
				9D952B7A2B8D263B00F6D8CC /* Presenter */,
			);
			path = ProfileScreen;
			sourceTree = "<group>";
		};
		9D499B2B2B8EA04E007B36D0 /* LoyaltyProgramScreen */ = {
			isa = PBXGroup;
			children = (
				9D499B322B8EA0C5007B36D0 /* Model */,
				9D499B2C2B8EA05C007B36D0 /* View */,
				9D499B2F2B8EA092007B36D0 /* Presenter */,
			);
			path = LoyaltyProgramScreen;
			sourceTree = "<group>";
		};
		9D499B2C2B8EA05C007B36D0 /* View */ = {
			isa = PBXGroup;
			children = (
				9D499B292B8E9F91007B36D0 /* LoyaltyProgramView.swift */,
			);
			path = View;
			sourceTree = "<group>";
		};
		9D499B2F2B8EA092007B36D0 /* Presenter */ = {
			isa = PBXGroup;
			children = (
				9D499B2D2B8EA08E007B36D0 /* LoyaltyProgramPresenter.swift */,
			);
			path = Presenter;
			sourceTree = "<group>";
		};
		9D499B322B8EA0C5007B36D0 /* Model */ = {
			isa = PBXGroup;
			children = (
				9D499B302B8EA0B5007B36D0 /* LoyaltyProgram.swift */,
			);
			path = Model;
			sourceTree = "<group>";
		};
		9D499B712B912010007B36D0 /* RecipesScreen */ = {
			isa = PBXGroup;
			children = (
				9D61155F2B8D54CC008EF247 /* Model */,
				9D6115632B8D54CC008EF247 /* View */,
				9D6115612B8D54CC008EF247 /* Presenter */,
			);
			path = RecipesScreen;
			sourceTree = "<group>";
		};
		9D61153E2B8D312E008EF247 /* AuthModule */ = {
			isa = PBXGroup;
			children = (
				9D61153F2B8D312E008EF247 /* AuthCoordinator.swift */,
				9D6115442B8D312E008EF247 /* Model */,
				9D6115402B8D312E008EF247 /* View */,
				9D6115422B8D312E008EF247 /* Presenter */,
			);
			path = AuthModule;
			sourceTree = "<group>";
		};
		9D6115402B8D312E008EF247 /* View */ = {
			isa = PBXGroup;
			children = (
				9D6115412B8D312E008EF247 /* AuthView.swift */,
				9D499B352B8F7937007B36D0 /* LoginButton.swift */,
			);
			path = View;
			sourceTree = "<group>";
		};
		9D6115422B8D312E008EF247 /* Presenter */ = {
			isa = PBXGroup;
			children = (
				9D6115432B8D312E008EF247 /* AuthPresenter.swift */,
			);
			path = Presenter;
			sourceTree = "<group>";
		};
		9D6115442B8D312E008EF247 /* Model */ = {
			isa = PBXGroup;
			children = (
				9D6115452B8D312E008EF247 /* Validator.swift */,
			);
			path = Model;
			sourceTree = "<group>";
		};
		9D61154A2B8D538E008EF247 /* Modules */ = {
			isa = PBXGroup;
			children = (
				9D61153E2B8D312E008EF247 /* AuthModule */,
				9D61154B2B8D53B2008EF247 /* RecipesModule */,
				9D952B802B8D2CE300F6D8CC /* FavouritesModule */,
				9D952B782B8D262D00F6D8CC /* ProfileModule */,
			);
			path = Modules;
			sourceTree = "<group>";
		};
		9D61154B2B8D53B2008EF247 /* RecipesModule */ = {
			isa = PBXGroup;
			children = (
				9D61155E2B8D54CC008EF247 /* RecipesCoordinator.swift */,
				9D499B712B912010007B36D0 /* RecipesScreen */,
				21FE4D8E2B8FE8E800FA377F /* CategoryScreen */,
			);
			path = RecipesModule;
			sourceTree = "<group>";
		};
		9D61155F2B8D54CC008EF247 /* Model */ = {
			isa = PBXGroup;
			children = (
				9D6115602B8D54CC008EF247 /* RecipesCategories.swift */,
				9D499B392B9085EE007B36D0 /* Category.swift */,
			);
			path = Model;
			sourceTree = "<group>";
		};
		9D6115612B8D54CC008EF247 /* Presenter */ = {
			isa = PBXGroup;
			children = (
				9D6115622B8D54CC008EF247 /* RecipesCategoriesPresenter.swift */,
			);
			path = Presenter;
			sourceTree = "<group>";
		};
		9D6115632B8D54CC008EF247 /* View */ = {
			isa = PBXGroup;
			children = (
				9D6115642B8D54CC008EF247 /* RecipesCategoriesView.swift */,
				9D499B3B2B908BFB007B36D0 /* RacepyCategoryCell.swift */,
			);
			path = View;
			sourceTree = "<group>";
		};
		9D61156B2B8D6783008EF247 /* Extensions */ = {
			isa = PBXGroup;
			children = (
				9D6115692B8D6778008EF247 /* UIView+Extension.swift */,
				9D61156C2B8D67AE008EF247 /* NSLayoutConstraint+Extension.swift */,
				9D61156E2B8D67CD008EF247 /* Array+Extension.swift */,
				9D6115702B8D6816008EF247 /* String+Extension.swift */,
				9D6115722B8D684E008EF247 /* NSMutableAttributedString+Extension.swift */,
				9D6115742B8D6877008EF247 /* UIFont+Extension.swift */,
				9D6115762B8D68F5008EF247 /* UIAlertController+Extension.swift */,
				9D6115782B8D6917008EF247 /* UIAlertAction+Extension.swift */,
				9D499B1B2B8E6B4C007B36D0 /* UIImage+Extension.swift */,
				9D499B1D2B8E6B60007B36D0 /* AssetImageName.swift */,
				9D499B372B8F9D49007B36D0 /* TypeAlieses.swift */,
			);
			path = Extensions;
			sourceTree = "<group>";
		};
		9D952B412B8D1CBC00F6D8CC = {
			isa = PBXGroup;
			children = (
				9D952B4C2B8D1CBC00F6D8CC /* Recipely */,
				9D952B4B2B8D1CBC00F6D8CC /* Products */,
			);
			sourceTree = "<group>";
		};
		9D952B4B2B8D1CBC00F6D8CC /* Products */ = {
			isa = PBXGroup;
			children = (
				9D952B4A2B8D1CBC00F6D8CC /* Recipely.app */,
			);
			name = Products;
			sourceTree = "<group>";
		};
		9D952B4C2B8D1CBC00F6D8CC /* Recipely */ = {
			isa = PBXGroup;
			children = (
				9D952B4D2B8D1CBC00F6D8CC /* AppDelegate.swift */,
				9D952B4F2B8D1CBC00F6D8CC /* SceneDelegate.swift */,
				9D952B702B8D231800F6D8CC /* AppCoordinator.swift */,
				9D952B672B8D223500F6D8CC /* RecipelyTabBarCoordinator.swift */,
				9D952B692B8D226E00F6D8CC /* RecipelyTabBarController.swift */,
				9D952B722B8D235D00F6D8CC /* ModuleBuilder.swift */,
				9D952B6F2B8D22FE00F6D8CC /* Coordinator */,
				9D61154A2B8D538E008EF247 /* Modules */,
				9D61156B2B8D6783008EF247 /* Extensions */,
				9D952B562B8D1CBD00F6D8CC /* Assets.xcassets */,
				9D952B582B8D1CBD00F6D8CC /* LaunchScreen.storyboard */,
				9D952B5B2B8D1CBD00F6D8CC /* Info.plist */,
			);
			path = Recipely;
			sourceTree = "<group>";
		};
		9D952B6F2B8D22FE00F6D8CC /* Coordinator */ = {
			isa = PBXGroup;
			children = (
				9D952B6B2B8D22A100F6D8CC /* Coordinator.swift */,
				9D952B6D2B8D22DC00F6D8CC /* BaseCoordinator.swift */,
			);
			path = Coordinator;
			sourceTree = "<group>";
		};
		9D952B782B8D262D00F6D8CC /* ProfileModule */ = {
			isa = PBXGroup;
			children = (
				9D952B7E2B8D283000F6D8CC /* ProfileCoordinator.swift */,
				9D499B282B8E9F30007B36D0 /* ProfileScreen */,
				9D499B2B2B8EA04E007B36D0 /* LoyaltyProgramScreen */,
			);
			path = ProfileModule;
			sourceTree = "<group>";
		};
		9D952B792B8D263500F6D8CC /* View */ = {
			isa = PBXGroup;
			children = (
				9D952B742B8D25E800F6D8CC /* ProfileView.swift */,
				9D499B232B8E85EE007B36D0 /* TableViewCells */,
			);
			path = View;
			sourceTree = "<group>";
		};
		9D952B7A2B8D263B00F6D8CC /* Presenter */ = {
			isa = PBXGroup;
			children = (
				9D952B762B8D261900F6D8CC /* ProfilePresenter.swift */,
			);
			path = Presenter;
			sourceTree = "<group>";
		};
		9D952B7D2B8D264F00F6D8CC /* Model */ = {
			isa = PBXGroup;
			children = (
				9D499B212B8E7422007B36D0 /* Profile.swift */,
				9D952B7B2B8D264B00F6D8CC /* User.swift */,
				9D499B1F2B8E73AC007B36D0 /* Settings.swift */,
				9D499B332B8F6446007B36D0 /* ProfileSection.swift */,
				9D499B262B8E9795007B36D0 /* ProfileSubSection.swift */,
			);
			path = Model;
			sourceTree = "<group>";
		};
		9D952B802B8D2CE300F6D8CC /* FavouritesModule */ = {
			isa = PBXGroup;
			children = (
				9D952B812B8D2CE300F6D8CC /* FavouritesCoordinator.swift */,
				9D952B862B8D2CE300F6D8CC /* Model */,
				9D952B842B8D2CE300F6D8CC /* View */,
				9D952B822B8D2CE300F6D8CC /* Presenter */,
			);
			path = FavouritesModule;
			sourceTree = "<group>";
		};
		9D952B822B8D2CE300F6D8CC /* Presenter */ = {
			isa = PBXGroup;
			children = (
				9D952B832B8D2CE300F6D8CC /* FavouritesPresenter.swift */,
			);
			path = Presenter;
			sourceTree = "<group>";
		};
		9D952B842B8D2CE300F6D8CC /* View */ = {
			isa = PBXGroup;
			children = (
				9D952B852B8D2CE300F6D8CC /* FavouritesView.swift */,
				21153D322B91F8ED0085ED80 /* CustomView.swift */,
				21153D302B91ECFF0085ED80 /* FavouritesCell.swift */,
			);
			path = View;
			sourceTree = "<group>";
		};
		9D952B862B8D2CE300F6D8CC /* Model */ = {
			isa = PBXGroup;
			children = (
				9D952B872B8D2CE300F6D8CC /* Favourites.swift */,
			);
			path = Model;
			sourceTree = "<group>";
		};
/* End PBXGroup section */

/* Begin PBXNativeTarget section */
		9D952B492B8D1CBC00F6D8CC /* Recipely */ = {
			isa = PBXNativeTarget;
			buildConfigurationList = 9D952B5E2B8D1CBD00F6D8CC /* Build configuration list for PBXNativeTarget "Recipely" */;
			buildPhases = (
				9D952B462B8D1CBC00F6D8CC /* Sources */,
				9D952B472B8D1CBC00F6D8CC /* Frameworks */,
				9D952B482B8D1CBC00F6D8CC /* Resources */,
				9D952B662B8D213200F6D8CC /* SwiftFormat */,
				9D952B612B8D1CCC00F6D8CC /* SwiftLint */,
			);
			buildRules = (
			);
			dependencies = (
			);
			name = Recipely;
			productName = Recipely;
			productReference = 9D952B4A2B8D1CBC00F6D8CC /* Recipely.app */;
			productType = "com.apple.product-type.application";
		};
/* End PBXNativeTarget section */

/* Begin PBXProject section */
		9D952B422B8D1CBC00F6D8CC /* Project object */ = {
			isa = PBXProject;
			attributes = {
				BuildIndependentTargetsInParallel = 1;
				LastSwiftUpdateCheck = 1510;
				LastUpgradeCheck = 1510;
				TargetAttributes = {
					9D952B492B8D1CBC00F6D8CC = {
						CreatedOnToolsVersion = 15.1;
					};
				};
			};
			buildConfigurationList = 9D952B452B8D1CBC00F6D8CC /* Build configuration list for PBXProject "Recipely" */;
			compatibilityVersion = "Xcode 14.0";
			developmentRegion = en;
			hasScannedForEncodings = 0;
			knownRegions = (
				en,
				Base,
			);
			mainGroup = 9D952B412B8D1CBC00F6D8CC;
			productRefGroup = 9D952B4B2B8D1CBC00F6D8CC /* Products */;
			projectDirPath = "";
			projectRoot = "";
			targets = (
				9D952B492B8D1CBC00F6D8CC /* Recipely */,
			);
		};
/* End PBXProject section */

/* Begin PBXResourcesBuildPhase section */
		9D952B482B8D1CBC00F6D8CC /* Resources */ = {
			isa = PBXResourcesBuildPhase;
			buildActionMask = 2147483647;
			files = (
				9D952B5A2B8D1CBD00F6D8CC /* LaunchScreen.storyboard in Resources */,
				9D952B572B8D1CBD00F6D8CC /* Assets.xcassets in Resources */,
			);
			runOnlyForDeploymentPostprocessing = 0;
		};
/* End PBXResourcesBuildPhase section */

/* Begin PBXShellScriptBuildPhase section */
		9D952B612B8D1CCC00F6D8CC /* SwiftLint */ = {
			isa = PBXShellScriptBuildPhase;
			alwaysOutOfDate = 1;
			buildActionMask = 2147483647;
			files = (
			);
			inputFileListPaths = (
			);
			inputPaths = (
			);
			name = SwiftLint;
			outputFileListPaths = (
			);
			outputPaths = (
			);
			runOnlyForDeploymentPostprocessing = 0;
			shellPath = /bin/sh;
			shellScript = "if [[ \"$(uname -m)\" == arm64 ]]; then\n    export PATH=\"/opt/homebrew/bin:$PATH\"\nfi\n\nif which swiftlint > /dev/null; then\n  swiftlint\nelse\n  echo \"warning: SwiftLint not installed, download from https://github.com/realm/SwiftLint\"\n  exit 1\nfi\n";
		};
		9D952B662B8D213200F6D8CC /* SwiftFormat */ = {
			isa = PBXShellScriptBuildPhase;
			alwaysOutOfDate = 1;
			buildActionMask = 2147483647;
			files = (
			);
			inputFileListPaths = (
			);
			inputPaths = (
			);
			name = SwiftFormat;
			outputFileListPaths = (
			);
			outputPaths = (
			);
			runOnlyForDeploymentPostprocessing = 0;
			shellPath = /bin/sh;
			shellScript = "if [[ \"$(uname -m)\" == arm64 ]]; then\n    export PATH=\"/opt/homebrew/bin:$PATH\"\nfi\n\nif which swiftformat > /dev/null; then\n  swiftformat .\nelse\n  echo \"warning: SwiftFormat not installed, download from https://github.com/nicklockwood/SwiftFormat\"\n  exit 1\nfi\n";
		};
/* End PBXShellScriptBuildPhase section */

/* Begin PBXSourcesBuildPhase section */
		9D952B462B8D1CBC00F6D8CC /* Sources */ = {
			isa = PBXSourcesBuildPhase;
			buildActionMask = 2147483647;
			files = (
				9D952B772B8D261900F6D8CC /* ProfilePresenter.swift in Sources */,
				9D61156D2B8D67AE008EF247 /* NSLayoutConstraint+Extension.swift in Sources */,
				9D952B8A2B8D2CE300F6D8CC /* Favourites.swift in Sources */,
				21153D312B91ECFF0085ED80 /* FavouritesCell.swift in Sources */,
				9D499B182B8E6878007B36D0 /* ProfileCell.swift in Sources */,
				9D6115492B8D312E008EF247 /* AuthView.swift in Sources */,
				9D499B312B8EA0B5007B36D0 /* LoyaltyProgram.swift in Sources */,
				9D499B342B8F6446007B36D0 /* ProfileSection.swift in Sources */,
				9D499B2A2B8E9F91007B36D0 /* LoyaltyProgramView.swift in Sources */,
				9D499B3C2B908BFB007B36D0 /* RacepyCategoryCell.swift in Sources */,
				9D952B7C2B8D264B00F6D8CC /* User.swift in Sources */,
				9D952B4E2B8D1CBC00F6D8CC /* AppDelegate.swift in Sources */,
				9D6115672B8D54CC008EF247 /* RecipesCategoriesPresenter.swift in Sources */,
				9D6115772B8D68F5008EF247 /* UIAlertController+Extension.swift in Sources */,
				9D6115732B8D684E008EF247 /* NSMutableAttributedString+Extension.swift in Sources */,
				9D952B752B8D25E800F6D8CC /* ProfileView.swift in Sources */,
				21FE4D952B8FE9F000FA377F /* CategoryView.swift in Sources */,
				9D6115712B8D6816008EF247 /* String+Extension.swift in Sources */,
				9D6115662B8D54CC008EF247 /* RecipesCoordinator.swift in Sources */,
				9D499B272B8E9795007B36D0 /* ProfileSubSection.swift in Sources */,
				9D952B7F2B8D283000F6D8CC /* ProfileCoordinator.swift in Sources */,
				21B91CDC2B90D0370041D5E9 /* Condition.swift in Sources */,
				9D952B6C2B8D22A100F6D8CC /* Coordinator.swift in Sources */,
				9D6115472B8D312E008EF247 /* Validator.swift in Sources */,
				9D952B682B8D223500F6D8CC /* RecipelyTabBarCoordinator.swift in Sources */,
				9D499B202B8E73AC007B36D0 /* Settings.swift in Sources */,
				9D952B8B2B8D2CE300F6D8CC /* FavouritesView.swift in Sources */,
				9D952B6E2B8D22DC00F6D8CC /* BaseCoordinator.swift in Sources */,
				9D952B892B8D2CE300F6D8CC /* FavouritesCoordinator.swift in Sources */,
				9D6115752B8D6877008EF247 /* UIFont+Extension.swift in Sources */,
				9D6115792B8D6917008EF247 /* UIAlertAction+Extension.swift in Sources */,
				9D499B1C2B8E6B4C007B36D0 /* UIImage+Extension.swift in Sources */,
				9D952B732B8D235D00F6D8CC /* ModuleBuilder.swift in Sources */,
				9D6115652B8D54CC008EF247 /* RecipesCategoriesView.swift in Sources */,
				21FE4D972B8FEBEA00FA377F /* CategoryPresenter.swift in Sources */,
				9D952B712B8D231800F6D8CC /* AppCoordinator.swift in Sources */,
				9D6115482B8D312E008EF247 /* AuthPresenter.swift in Sources */,
				9D499B1E2B8E6B60007B36D0 /* AssetImageName.swift in Sources */,
				9D499B362B8F7937007B36D0 /* LoginButton.swift in Sources */,
				9D499B382B8F9D49007B36D0 /* TypeAlieses.swift in Sources */,
				9D6115462B8D312E008EF247 /* AuthCoordinator.swift in Sources */,
				9D499B1A2B8E6988007B36D0 /* SettingsFieldCell.swift in Sources */,
				21FE4D932B8FE9B500FA377F /* CategoryRecipes.swift in Sources */,
				9D499B3A2B9085EE007B36D0 /* Category.swift in Sources */,
				9D61156F2B8D67CD008EF247 /* Array+Extension.swift in Sources */,
				9D6115682B8D54CC008EF247 /* RecipesCategories.swift in Sources */,
				9D952B502B8D1CBC00F6D8CC /* SceneDelegate.swift in Sources */,
				9D952B6A2B8D226E00F6D8CC /* RecipelyTabBarController.swift in Sources */,
				21FE4D9B2B8FFD8A00FA377F /* RecipeCell.swift in Sources */,
				9D499B2E2B8EA08E007B36D0 /* LoyaltyProgramPresenter.swift in Sources */,
				21153D332B91F8ED0085ED80 /* CustomView.swift in Sources */,
				9D499B222B8E7422007B36D0 /* Profile.swift in Sources */,
				9D61156A2B8D6778008EF247 /* UIView+Extension.swift in Sources */,
				9D952B882B8D2CE300F6D8CC /* FavouritesPresenter.swift in Sources */,
				21B91CDA2B90BEB10041D5E9 /* SortingControlView.swift in Sources */,
			);
			runOnlyForDeploymentPostprocessing = 0;
		};
/* End PBXSourcesBuildPhase section */

/* Begin PBXVariantGroup section */
		9D952B582B8D1CBD00F6D8CC /* LaunchScreen.storyboard */ = {
			isa = PBXVariantGroup;
			children = (
				9D952B592B8D1CBD00F6D8CC /* Base */,
			);
			name = LaunchScreen.storyboard;
			sourceTree = "<group>";
		};
/* End PBXVariantGroup section */

/* Begin XCBuildConfiguration section */
		9D952B5C2B8D1CBD00F6D8CC /* Debug */ = {
			isa = XCBuildConfiguration;
			buildSettings = {
				ALWAYS_SEARCH_USER_PATHS = NO;
				ASSETCATALOG_COMPILER_GENERATE_SWIFT_ASSET_SYMBOL_EXTENSIONS = YES;
				CLANG_ANALYZER_NONNULL = YES;
				CLANG_ANALYZER_NUMBER_OBJECT_CONVERSION = YES_AGGRESSIVE;
				CLANG_CXX_LANGUAGE_STANDARD = "gnu++20";
				CLANG_ENABLE_MODULES = YES;
				CLANG_ENABLE_OBJC_ARC = YES;
				CLANG_ENABLE_OBJC_WEAK = YES;
				CLANG_WARN_BLOCK_CAPTURE_AUTORELEASING = YES;
				CLANG_WARN_BOOL_CONVERSION = YES;
				CLANG_WARN_COMMA = YES;
				CLANG_WARN_CONSTANT_CONVERSION = YES;
				CLANG_WARN_DEPRECATED_OBJC_IMPLEMENTATIONS = YES;
				CLANG_WARN_DIRECT_OBJC_ISA_USAGE = YES_ERROR;
				CLANG_WARN_DOCUMENTATION_COMMENTS = YES;
				CLANG_WARN_EMPTY_BODY = YES;
				CLANG_WARN_ENUM_CONVERSION = YES;
				CLANG_WARN_INFINITE_RECURSION = YES;
				CLANG_WARN_INT_CONVERSION = YES;
				CLANG_WARN_NON_LITERAL_NULL_CONVERSION = YES;
				CLANG_WARN_OBJC_IMPLICIT_RETAIN_SELF = YES;
				CLANG_WARN_OBJC_LITERAL_CONVERSION = YES;
				CLANG_WARN_OBJC_ROOT_CLASS = YES_ERROR;
				CLANG_WARN_QUOTED_INCLUDE_IN_FRAMEWORK_HEADER = YES;
				CLANG_WARN_RANGE_LOOP_ANALYSIS = YES;
				CLANG_WARN_STRICT_PROTOTYPES = YES;
				CLANG_WARN_SUSPICIOUS_MOVE = YES;
				CLANG_WARN_UNGUARDED_AVAILABILITY = YES_AGGRESSIVE;
				CLANG_WARN_UNREACHABLE_CODE = YES;
				CLANG_WARN__DUPLICATE_METHOD_MATCH = YES;
				COPY_PHASE_STRIP = NO;
				DEBUG_INFORMATION_FORMAT = dwarf;
				ENABLE_STRICT_OBJC_MSGSEND = YES;
				ENABLE_TESTABILITY = YES;
				ENABLE_USER_SCRIPT_SANDBOXING = YES;
				GCC_C_LANGUAGE_STANDARD = gnu17;
				GCC_DYNAMIC_NO_PIC = NO;
				GCC_NO_COMMON_BLOCKS = YES;
				GCC_OPTIMIZATION_LEVEL = 0;
				GCC_PREPROCESSOR_DEFINITIONS = (
					"DEBUG=1",
					"$(inherited)",
				);
				GCC_WARN_64_TO_32_BIT_CONVERSION = YES;
				GCC_WARN_ABOUT_RETURN_TYPE = YES_ERROR;
				GCC_WARN_UNDECLARED_SELECTOR = YES;
				GCC_WARN_UNINITIALIZED_AUTOS = YES_AGGRESSIVE;
				GCC_WARN_UNUSED_FUNCTION = YES;
				GCC_WARN_UNUSED_VARIABLE = YES;
				IPHONEOS_DEPLOYMENT_TARGET = 17.2;
				LOCALIZATION_PREFERS_STRING_CATALOGS = YES;
				MTL_ENABLE_DEBUG_INFO = INCLUDE_SOURCE;
				MTL_FAST_MATH = YES;
				ONLY_ACTIVE_ARCH = YES;
				SDKROOT = iphoneos;
				SWIFT_ACTIVE_COMPILATION_CONDITIONS = "DEBUG $(inherited)";
				SWIFT_OPTIMIZATION_LEVEL = "-Onone";
			};
			name = Debug;
		};
		9D952B5D2B8D1CBD00F6D8CC /* Release */ = {
			isa = XCBuildConfiguration;
			buildSettings = {
				ALWAYS_SEARCH_USER_PATHS = NO;
				ASSETCATALOG_COMPILER_GENERATE_SWIFT_ASSET_SYMBOL_EXTENSIONS = YES;
				CLANG_ANALYZER_NONNULL = YES;
				CLANG_ANALYZER_NUMBER_OBJECT_CONVERSION = YES_AGGRESSIVE;
				CLANG_CXX_LANGUAGE_STANDARD = "gnu++20";
				CLANG_ENABLE_MODULES = YES;
				CLANG_ENABLE_OBJC_ARC = YES;
				CLANG_ENABLE_OBJC_WEAK = YES;
				CLANG_WARN_BLOCK_CAPTURE_AUTORELEASING = YES;
				CLANG_WARN_BOOL_CONVERSION = YES;
				CLANG_WARN_COMMA = YES;
				CLANG_WARN_CONSTANT_CONVERSION = YES;
				CLANG_WARN_DEPRECATED_OBJC_IMPLEMENTATIONS = YES;
				CLANG_WARN_DIRECT_OBJC_ISA_USAGE = YES_ERROR;
				CLANG_WARN_DOCUMENTATION_COMMENTS = YES;
				CLANG_WARN_EMPTY_BODY = YES;
				CLANG_WARN_ENUM_CONVERSION = YES;
				CLANG_WARN_INFINITE_RECURSION = YES;
				CLANG_WARN_INT_CONVERSION = YES;
				CLANG_WARN_NON_LITERAL_NULL_CONVERSION = YES;
				CLANG_WARN_OBJC_IMPLICIT_RETAIN_SELF = YES;
				CLANG_WARN_OBJC_LITERAL_CONVERSION = YES;
				CLANG_WARN_OBJC_ROOT_CLASS = YES_ERROR;
				CLANG_WARN_QUOTED_INCLUDE_IN_FRAMEWORK_HEADER = YES;
				CLANG_WARN_RANGE_LOOP_ANALYSIS = YES;
				CLANG_WARN_STRICT_PROTOTYPES = YES;
				CLANG_WARN_SUSPICIOUS_MOVE = YES;
				CLANG_WARN_UNGUARDED_AVAILABILITY = YES_AGGRESSIVE;
				CLANG_WARN_UNREACHABLE_CODE = YES;
				CLANG_WARN__DUPLICATE_METHOD_MATCH = YES;
				COPY_PHASE_STRIP = NO;
				DEBUG_INFORMATION_FORMAT = "dwarf-with-dsym";
				ENABLE_NS_ASSERTIONS = NO;
				ENABLE_STRICT_OBJC_MSGSEND = YES;
				ENABLE_USER_SCRIPT_SANDBOXING = YES;
				GCC_C_LANGUAGE_STANDARD = gnu17;
				GCC_NO_COMMON_BLOCKS = YES;
				GCC_WARN_64_TO_32_BIT_CONVERSION = YES;
				GCC_WARN_ABOUT_RETURN_TYPE = YES_ERROR;
				GCC_WARN_UNDECLARED_SELECTOR = YES;
				GCC_WARN_UNINITIALIZED_AUTOS = YES_AGGRESSIVE;
				GCC_WARN_UNUSED_FUNCTION = YES;
				GCC_WARN_UNUSED_VARIABLE = YES;
				IPHONEOS_DEPLOYMENT_TARGET = 17.2;
				LOCALIZATION_PREFERS_STRING_CATALOGS = YES;
				MTL_ENABLE_DEBUG_INFO = NO;
				MTL_FAST_MATH = YES;
				SDKROOT = iphoneos;
				SWIFT_COMPILATION_MODE = wholemodule;
				VALIDATE_PRODUCT = YES;
			};
			name = Release;
		};
		9D952B5F2B8D1CBD00F6D8CC /* Debug */ = {
			isa = XCBuildConfiguration;
			buildSettings = {
				ASSETCATALOG_COMPILER_APPICON_NAME = AppIcon;
				ASSETCATALOG_COMPILER_GLOBAL_ACCENT_COLOR_NAME = AccentColor;
				CODE_SIGN_STYLE = Automatic;
				CURRENT_PROJECT_VERSION = 1;
				DEVELOPMENT_TEAM = KV44Y72Q9R;
				ENABLE_USER_SCRIPT_SANDBOXING = NO;
				GENERATE_INFOPLIST_FILE = YES;
				INFOPLIST_FILE = Recipely/Info.plist;
				INFOPLIST_KEY_UIApplicationSupportsIndirectInputEvents = YES;
				INFOPLIST_KEY_UILaunchStoryboardName = LaunchScreen;
				INFOPLIST_KEY_UISupportedInterfaceOrientations_iPad = "UIInterfaceOrientationPortrait UIInterfaceOrientationPortraitUpsideDown UIInterfaceOrientationLandscapeLeft UIInterfaceOrientationLandscapeRight";
				INFOPLIST_KEY_UISupportedInterfaceOrientations_iPhone = "UIInterfaceOrientationPortrait UIInterfaceOrientationLandscapeLeft UIInterfaceOrientationLandscapeRight";
				LD_RUNPATH_SEARCH_PATHS = (
					"$(inherited)",
					"@executable_path/Frameworks",
				);
				MARKETING_VERSION = 1.0;
				PRODUCT_BUNDLE_IDENTIFIER = com.tixomark.Recipely;
				PRODUCT_NAME = "$(TARGET_NAME)";
				SWIFT_EMIT_LOC_STRINGS = YES;
				SWIFT_VERSION = 5.0;
				TARGETED_DEVICE_FAMILY = "1,2";
			};
			name = Debug;
		};
		9D952B602B8D1CBD00F6D8CC /* Release */ = {
			isa = XCBuildConfiguration;
			buildSettings = {
				ASSETCATALOG_COMPILER_APPICON_NAME = AppIcon;
				ASSETCATALOG_COMPILER_GLOBAL_ACCENT_COLOR_NAME = AccentColor;
				CODE_SIGN_STYLE = Automatic;
				CURRENT_PROJECT_VERSION = 1;
				DEVELOPMENT_TEAM = KV44Y72Q9R;
				ENABLE_USER_SCRIPT_SANDBOXING = NO;
				GENERATE_INFOPLIST_FILE = YES;
				INFOPLIST_FILE = Recipely/Info.plist;
				INFOPLIST_KEY_UIApplicationSupportsIndirectInputEvents = YES;
				INFOPLIST_KEY_UILaunchStoryboardName = LaunchScreen;
				INFOPLIST_KEY_UISupportedInterfaceOrientations_iPad = "UIInterfaceOrientationPortrait UIInterfaceOrientationPortraitUpsideDown UIInterfaceOrientationLandscapeLeft UIInterfaceOrientationLandscapeRight";
				INFOPLIST_KEY_UISupportedInterfaceOrientations_iPhone = "UIInterfaceOrientationPortrait UIInterfaceOrientationLandscapeLeft UIInterfaceOrientationLandscapeRight";
				LD_RUNPATH_SEARCH_PATHS = (
					"$(inherited)",
					"@executable_path/Frameworks",
				);
				MARKETING_VERSION = 1.0;
				PRODUCT_BUNDLE_IDENTIFIER = com.tixomark.Recipely;
				PRODUCT_NAME = "$(TARGET_NAME)";
				SWIFT_EMIT_LOC_STRINGS = YES;
				SWIFT_VERSION = 5.0;
				TARGETED_DEVICE_FAMILY = "1,2";
			};
			name = Release;
		};
/* End XCBuildConfiguration section */

/* Begin XCConfigurationList section */
		9D952B452B8D1CBC00F6D8CC /* Build configuration list for PBXProject "Recipely" */ = {
			isa = XCConfigurationList;
			buildConfigurations = (
				9D952B5C2B8D1CBD00F6D8CC /* Debug */,
				9D952B5D2B8D1CBD00F6D8CC /* Release */,
			);
			defaultConfigurationIsVisible = 0;
			defaultConfigurationName = Release;
		};
		9D952B5E2B8D1CBD00F6D8CC /* Build configuration list for PBXNativeTarget "Recipely" */ = {
			isa = XCConfigurationList;
			buildConfigurations = (
				9D952B5F2B8D1CBD00F6D8CC /* Debug */,
				9D952B602B8D1CBD00F6D8CC /* Release */,
			);
			defaultConfigurationIsVisible = 0;
			defaultConfigurationName = Release;
		};
/* End XCConfigurationList section */
	};
	rootObject = 9D952B422B8D1CBC00F6D8CC /* Project object */;
}
