{
  "pins" : [
    {
      "identity" : "advancednsattributedstringpkj",
      "kind" : "remoteSourceControl",
      "location" : "git@github.com:tixomark/AdvancedNSAttributedStringPKJ.git",
      "state" : {
        "revision" : "2a7465ff00976f1c2685948c7cc742698457934d",
        "version" : "1.1.1"
      }
    }
  ],
  "version" : 2
}
